// !$*UTF8*$!
{
	archiveVersion = 1;
	classes = {
	};
	objectVersion = 46;
	objects = {

/* Begin PBXBuildFile section */
		9419F0461AF5BECA00DFC685 /* AppDelegate.swift in Sources */ = {isa = PBXBuildFile; fileRef = 9419F0451AF5BECA00DFC685 /* AppDelegate.swift */; };
		9419F0481AF5BECA00DFC685 /* PlaylistMasterViewController.swift in Sources */ = {isa = PBXBuildFile; fileRef = 9419F0471AF5BECA00DFC685 /* PlaylistMasterViewController.swift */; };
		9419F04B1AF5BECA00DFC685 /* Main.storyboard in Resources */ = {isa = PBXBuildFile; fileRef = 9419F0491AF5BECA00DFC685 /* Main.storyboard */; };
		9419F04D1AF5BECA00DFC685 /* Images.xcassets in Resources */ = {isa = PBXBuildFile; fileRef = 9419F04C1AF5BECA00DFC685 /* Images.xcassets */; };
		9419F0501AF5BECA00DFC685 /* LaunchScreen.xib in Resources */ = {isa = PBXBuildFile; fileRef = 9419F04E1AF5BECA00DFC685 /* LaunchScreen.xib */; };
		9419F05C1AF5BECA00DFC685 /* AlgorhytmnTests.swift in Sources */ = {isa = PBXBuildFile; fileRef = 9419F05B1AF5BECA00DFC685 /* AlgorhytmnTests.swift */; };
		9419F0661AF6E73B00DFC685 /* PlaylistDetailViewController.swift in Sources */ = {isa = PBXBuildFile; fileRef = 9419F0651AF6E73B00DFC685 /* PlaylistDetailViewController.swift */; };
/* End PBXBuildFile section */

/* Begin PBXContainerItemProxy section */
		9419F0561AF5BECA00DFC685 /* PBXContainerItemProxy */ = {
			isa = PBXContainerItemProxy;
			containerPortal = 9419F0381AF5BECA00DFC685 /* Project object */;
			proxyType = 1;
			remoteGlobalIDString = 9419F03F1AF5BECA00DFC685;
			remoteInfo = Algorhytmn;
		};
/* End PBXContainerItemProxy section */

/* Begin PBXFileReference section */
		9419F0401AF5BECA00DFC685 /* Algorhytmn.app */ = {isa = PBXFileReference; explicitFileType = wrapper.application; includeInIndex = 0; path = Algorhytmn.app; sourceTree = BUILT_PRODUCTS_DIR; };
		9419F0441AF5BECA00DFC685 /* Info.plist */ = {isa = PBXFileReference; lastKnownFileType = text.plist.xml; path = Info.plist; sourceTree = "<group>"; };
		9419F0451AF5BECA00DFC685 /* AppDelegate.swift */ = {isa = PBXFileReference; lastKnownFileType = sourcecode.swift; path = AppDelegate.swift; sourceTree = "<group>"; };
		9419F0471AF5BECA00DFC685 /* PlaylistMasterViewController.swift */ = {isa = PBXFileReference; lastKnownFileType = sourcecode.swift; path = PlaylistMasterViewController.swift; sourceTree = "<group>"; };
		9419F04A1AF5BECA00DFC685 /* Base */ = {isa = PBXFileReference; lastKnownFileType = file.storyboard; name = Base; path = Base.lproj/Main.storyboard; sourceTree = "<group>"; };
		9419F04C1AF5BECA00DFC685 /* Images.xcassets */ = {isa = PBXFileReference; lastKnownFileType = folder.assetcatalog; path = Images.xcassets; sourceTree = "<group>"; };
		9419F04F1AF5BECA00DFC685 /* Base */ = {isa = PBXFileReference; lastKnownFileType = file.xib; name = Base; path = Base.lproj/LaunchScreen.xib; sourceTree = "<group>"; };
		9419F0551AF5BECA00DFC685 /* AlgorhytmnTests.xctest */ = {isa = PBXFileReference; explicitFileType = wrapper.cfbundle; includeInIndex = 0; path = AlgorhytmnTests.xctest; sourceTree = BUILT_PRODUCTS_DIR; };
		9419F05A1AF5BECA00DFC685 /* Info.plist */ = {isa = PBXFileReference; lastKnownFileType = text.plist.xml; path = Info.plist; sourceTree = "<group>"; };
		9419F05B1AF5BECA00DFC685 /* AlgorhytmnTests.swift */ = {isa = PBXFileReference; lastKnownFileType = sourcecode.swift; path = AlgorhytmnTests.swift; sourceTree = "<group>"; };
		9419F0651AF6E73B00DFC685 /* PlaylistDetailViewController.swift */ = {isa = PBXFileReference; fileEncoding = 4; lastKnownFileType = sourcecode.swift; path = PlaylistDetailViewController.swift; sourceTree = "<group>"; };
/* End PBXFileReference section */

/* Begin PBXFrameworksBuildPhase section */
		9419F03D1AF5BECA00DFC685 /* Frameworks */ = {
			isa = PBXFrameworksBuildPhase;
			buildActionMask = 2147483647;
			files = (
			);
			runOnlyForDeploymentPostprocessing = 0;
		};
		9419F0521AF5BECA00DFC685 /* Frameworks */ = {
			isa = PBXFrameworksBuildPhase;
			buildActionMask = 2147483647;
			files = (
			);
			runOnlyForDeploymentPostprocessing = 0;
		};
/* End PBXFrameworksBuildPhase section */

/* Begin PBXGroup section */
		9419F0371AF5BECA00DFC685 = {
			isa = PBXGroup;
			children = (
				9419F0421AF5BECA00DFC685 /* Algorhytmn */,
				9419F0581AF5BECA00DFC685 /* AlgorhytmnTests */,
				9419F0411AF5BECA00DFC685 /* Products */,
			);
			sourceTree = "<group>";
		};
		9419F0411AF5BECA00DFC685 /* Products */ = {
			isa = PBXGroup;
			children = (
				9419F0401AF5BECA00DFC685 /* Algorhytmn.app */,
				9419F0551AF5BECA00DFC685 /* AlgorhytmnTests.xctest */,
			);
			name = Products;
			sourceTree = "<group>";
		};
		9419F0421AF5BECA00DFC685 /* Algorhytmn */ = {
			isa = PBXGroup;
			children = (
				9419F0451AF5BECA00DFC685 /* AppDelegate.swift */,
				9419F0471AF5BECA00DFC685 /* PlaylistMasterViewController.swift */,
				9419F0651AF6E73B00DFC685 /* PlaylistDetailViewController.swift */,
				9419F0491AF5BECA00DFC685 /* Main.storyboard */,
				9419F04C1AF5BECA00DFC685 /* Images.xcassets */,
				9419F04E1AF5BECA00DFC685 /* LaunchScreen.xib */,
				9419F0431AF5BECA00DFC685 /* Supporting Files */,
			);
			path = Algorhytmn;
			sourceTree = "<group>";
		};
		9419F0431AF5BECA00DFC685 /* Supporting Files */ = {
			isa = PBXGroup;
			children = (
				9419F0441AF5BECA00DFC685 /* Info.plist */,
			);
			name = "Supporting Files";
			sourceTree = "<group>";
		};
		9419F0581AF5BECA00DFC685 /* AlgorhytmnTests */ = {
			isa = PBXGroup;
			children = (
				9419F05B1AF5BECA00DFC685 /* AlgorhytmnTests.swift */,
				9419F0591AF5BECA00DFC685 /* Supporting Files */,
			);
			path = AlgorhytmnTests;
			sourceTree = "<group>";
		};
		9419F0591AF5BECA00DFC685 /* Supporting Files */ = {
			isa = PBXGroup;
			children = (
				9419F05A1AF5BECA00DFC685 /* Info.plist */,
			);
			name = "Supporting Files";
			sourceTree = "<group>";
		};
/* End PBXGroup section */

/* Begin PBXNativeTarget section */
		9419F03F1AF5BECA00DFC685 /* Algorhytmn */ = {
			isa = PBXNativeTarget;
			buildConfigurationList = 9419F05F1AF5BECA00DFC685 /* Build configuration list for PBXNativeTarget "Algorhytmn" */;
			buildPhases = (
				9419F03C1AF5BECA00DFC685 /* Sources */,
				9419F03D1AF5BECA00DFC685 /* Frameworks */,
				9419F03E1AF5BECA00DFC685 /* Resources */,
			);
			buildRules = (
			);
			dependencies = (
			);
			name = Algorhytmn;
			productName = Algorhytmn;
			productReference = 9419F0401AF5BECA00DFC685 /* Algorhytmn.app */;
			productType = "com.apple.product-type.application";
		};
		9419F0541AF5BECA00DFC685 /* AlgorhytmnTests */ = {
			isa = PBXNativeTarget;
			buildConfigurationList = 9419F0621AF5BECA00DFC685 /* Build configuration list for PBXNativeTarget "AlgorhytmnTests" */;
			buildPhases = (
				9419F0511AF5BECA00DFC685 /* Sources */,
				9419F0521AF5BECA00DFC685 /* Frameworks */,
				9419F0531AF5BECA00DFC685 /* Resources */,
			);
			buildRules = (
			);
			dependencies = (
				9419F0571AF5BECA00DFC685 /* PBXTargetDependency */,
			);
			name = AlgorhytmnTests;
			productName = AlgorhytmnTests;
			productReference = 9419F0551AF5BECA00DFC685 /* AlgorhytmnTests.xctest */;
			productType = "com.apple.product-type.bundle.unit-test";
		};
/* End PBXNativeTarget section */

/* Begin PBXProject section */
		9419F0381AF5BECA00DFC685 /* Project object */ = {
			isa = PBXProject;
			attributes = {
				LastUpgradeCheck = 0630;
				ORGANIZATIONNAME = "Computer Mentors";
				TargetAttributes = {
					9419F03F1AF5BECA00DFC685 = {
						CreatedOnToolsVersion = 6.3.1;
					};
					9419F0541AF5BECA00DFC685 = {
						CreatedOnToolsVersion = 6.3.1;
						TestTargetID = 9419F03F1AF5BECA00DFC685;
					};
				};
			};
			buildConfigurationList = 9419F03B1AF5BECA00DFC685 /* Build configuration list for PBXProject "Algorhytmn" */;
			compatibilityVersion = "Xcode 3.2";
			developmentRegion = English;
			hasScannedForEncodings = 0;
			knownRegions = (
				en,
				Base,
			);
			mainGroup = 9419F0371AF5BECA00DFC685;
			productRefGroup = 9419F0411AF5BECA00DFC685 /* Products */;
			projectDirPath = "";
			projectRoot = "";
			targets = (
				9419F03F1AF5BECA00DFC685 /* Algorhytmn */,
				9419F0541AF5BECA00DFC685 /* AlgorhytmnTests */,
			);
		};
/* End PBXProject section */

/* Begin PBXResourcesBuildPhase section */
		9419F03E1AF5BECA00DFC685 /* Resources */ = {
			isa = PBXResourcesBuildPhase;
			buildActionMask = 2147483647;
			files = (
				9419F04B1AF5BECA00DFC685 /* Main.storyboard in Resources */,
				9419F0501AF5BECA00DFC685 /* LaunchScreen.xib in Resources */,
				9419F04D1AF5BECA00DFC685 /* Images.xcassets in Resources */,
			);
			runOnlyForDeploymentPostprocessing = 0;
		};
		9419F0531AF5BECA00DFC685 /* Resources */ = {
			isa = PBXResourcesBuildPhase;
			buildActionMask = 2147483647;
			files = (
			);
			runOnlyForDeploymentPostprocessing = 0;
		};
/* End PBXResourcesBuildPhase section */

/* Begin PBXSourcesBuildPhase section */
		9419F03C1AF5BECA00DFC685 /* Sources */ = {
			isa = PBXSourcesBuildPhase;
			buildActionMask = 2147483647;
			files = (
				9419F0661AF6E73B00DFC685 /* PlaylistDetailViewController.swift in Sources */,
				9419F0481AF5BECA00DFC685 /* PlaylistMasterViewController.swift in Sources */,
				9419F0461AF5BECA00DFC685 /* AppDelegate.swift in Sources */,
			);
			runOnlyForDeploymentPostprocessing = 0;
		};
		9419F0511AF5BECA00DFC685 /* Sources */ = {
			isa = PBXSourcesBuildPhase;
			buildActionMask = 2147483647;
			files = (
				9419F05C1AF5BECA00DFC685 /* AlgorhytmnTests.swift in Sources */,
			);
			runOnlyForDeploymentPostprocessing = 0;
		};
/* End PBXSourcesBuildPhase section */

/* Begin PBXTargetDependency section */
		9419F0571AF5BECA00DFC685 /* PBXTargetDependency */ = {
			isa = PBXTargetDependency;
			target = 9419F03F1AF5BECA00DFC685 /* Algorhytmn */;
			targetProxy = 9419F0561AF5BECA00DFC685 /* PBXContainerItemProxy */;
		};
/* End PBXTargetDependency section */

/* Begin PBXVariantGroup section */
		9419F0491AF5BECA00DFC685 /* Main.storyboard */ = {
			isa = PBXVariantGroup;
			children = (
				9419F04A1AF5BECA00DFC685 /* Base */,
			);
			name = Main.storyboard;
			sourceTree = "<group>";
		};
		9419F04E1AF5BECA00DFC685 /* LaunchScreen.xib */ = {
			isa = PBXVariantGroup;
			children = (
				9419F04F1AF5BECA00DFC685 /* Base */,
			);
			name = LaunchScreen.xib;
			sourceTree = "<group>";
		};
/* End PBXVariantGroup section */

/* Begin XCBuildConfiguration section */
		9419F05D1AF5BECA00DFC685 /* Debug */ = {
			isa = XCBuildConfiguration;
			buildSettings = {
				ALWAYS_SEARCH_USER_PATHS = NO;
				CLANG_CXX_LANGUAGE_STANDARD = "gnu++0x";
				CLANG_CXX_LIBRARY = "libc++";
				CLANG_ENABLE_MODULES = YES;
				CLANG_ENABLE_OBJC_ARC = YES;
				CLANG_WARN_BOOL_CONVERSION = YES;
				CLANG_WARN_CONSTANT_CONVERSION = YES;
				CLANG_WARN_DIRECT_OBJC_ISA_USAGE = YES_ERROR;
				CLANG_WARN_EMPTY_BODY = YES;
				CLANG_WARN_ENUM_CONVERSION = YES;
				CLANG_WARN_INT_CONVERSION = YES;
				CLANG_WARN_OBJC_ROOT_CLASS = YES_ERROR;
				CLANG_WARN_UNREACHABLE_CODE = YES;
				CLANG_WARN__DUPLICATE_METHOD_MATCH = YES;
				"CODE_SIGN_IDENTITY[sdk=iphoneos*]" = "iPhone Developer";
				COPY_PHASE_STRIP = NO;
				DEBUG_INFORMATION_FORMAT = "dwarf-with-dsym";
				ENABLE_STRICT_OBJC_MSGSEND = YES;
				GCC_C_LANGUAGE_STANDARD = gnu99;
				GCC_DYNAMIC_NO_PIC = NO;
				GCC_NO_COMMON_BLOCKS = YES;
				GCC_OPTIMIZATION_LEVEL = 0;
				GCC_PREPROCESSOR_DEFINITIONS = (
					"DEBUG=1",
					"$(inherited)",
				);
				GCC_SYMBOLS_PRIVATE_EXTERN = NO;
				GCC_WARN_64_TO_32_BIT_CONVERSION = YES;
				GCC_WARN_ABOUT_RETURN_TYPE = YES_ERROR;
				GCC_WARN_UNDECLARED_SELECTOR = YES;
				GCC_WARN_UNINITIALIZED_AUTOS = YES_AGGRESSIVE;
				GCC_WARN_UNUSED_FUNCTION = YES;
				GCC_WARN_UNUSED_VARIABLE = YES;
				IPHONEOS_DEPLOYMENT_TARGET = 8.3;
				MTL_ENABLE_DEBUG_INFO = YES;
				ONLY_ACTIVE_ARCH = YES;
				SDKROOT = iphoneos;
				SWIFT_OPTIMIZATION_LEVEL = "-Onone";
				TARGETED_DEVICE_FAMILY = "1,2";
			};
			name = Debug;
		};
		9419F05E1AF5BECA00DFC685 /* Release */ = {
			isa = XCBuildConfiguration;
			buildSettings = {
				ALWAYS_SEARCH_USER_PATHS = NO;
				CLANG_CXX_LANGUAGE_STANDARD = "gnu++0x";
				CLANG_CXX_LIBRARY = "libc++";
				CLANG_ENABLE_MODULES = YES;
				CLANG_ENABLE_OBJC_ARC = YES;
				CLANG_WARN_BOOL_CONVERSION = YES;
				CLANG_WARN_CONSTANT_CONVERSION = YES;
				CLANG_WARN_DIRECT_OBJC_ISA_USAGE = YES_ERROR;
				CLANG_WARN_EMPTY_BODY = YES;
				CLANG_WARN_ENUM_CONVERSION = YES;
				CLANG_WARN_INT_CONVERSION = YES;
				CLANG_WARN_OBJC_ROOT_CLASS = YES_ERROR;
				CLANG_WARN_UNREACHABLE_CODE = YES;
				CLANG_WARN__DUPLICATE_METHOD_MATCH = YES;
				"CODE_SIGN_IDENTITY[sdk=iphoneos*]" = "iPhone Developer";
				COPY_PHASE_STRIP = NO;
				DEBUG_INFORMATION_FORMAT = "dwarf-with-dsym";
				ENABLE_NS_ASSERTIONS = NO;
				ENABLE_STRICT_OBJC_MSGSEND = YES;
				GCC_C_LANGUAGE_STANDARD = gnu99;
				GCC_NO_COMMON_BLOCKS = YES;
				GCC_WARN_64_TO_32_BIT_CONVERSION = YES;
				GCC_WARN_ABOUT_RETURN_TYPE = YES_ERROR;
				GCC_WARN_UNDECLARED_SELECTOR = YES;
				GCC_WARN_UNINITIALIZED_AUTOS = YES_AGGRESSIVE;
				GCC_WARN_UNUSED_FUNCTION = YES;
				GCC_WARN_UNUSED_VARIABLE = YES;
				IPHONEOS_DEPLOYMENT_TARGET = 8.3;
				MTL_ENABLE_DEBUG_INFO = NO;
				SDKROOT = iphoneos;
				TARGETED_DEVICE_FAMILY = "1,2";
				VALIDATE_PRODUCT = YES;
			};
			name = Release;
		};
		9419F0601AF5BECA00DFC685 /* Debug */ = {
			isa = XCBuildConfiguration;
			buildSettings = {
				ASSETCATALOG_COMPILER_APPICON_NAME = AppIcon;
				INFOPLIST_FILE = Algorhytmn/Info.plist;
				LD_RUNPATH_SEARCH_PATHS = "$(inherited) @executable_path/Frameworks";
				PRODUCT_NAME = "$(TARGET_NAME)";
			};
			name = Debug;
		};
		9419F0611AF5BECA00DFC685 /* Release */ = {
			isa = XCBuildConfiguration;
			buildSettings = {
				ASSETCATALOG_COMPILER_APPICON_NAME = AppIcon;
				INFOPLIST_FILE = Algorhytmn/Info.plist;
				LD_RUNPATH_SEARCH_PATHS = "$(inherited) @executable_path/Frameworks";
				PRODUCT_NAME = "$(TARGET_NAME)";
			};
			name = Release;
		};
		9419F0631AF5BECA00DFC685 /* Debug */ = {
			isa = XCBuildConfiguration;
			buildSettings = {
				BUNDLE_LOADER = "$(TEST_HOST)";
				FRAMEWORK_SEARCH_PATHS = (
					"$(SDKROOT)/Developer/Library/Frameworks",
					"$(inherited)",
				);
				GCC_PREPROCESSOR_DEFINITIONS = (
					"DEBUG=1",
					"$(inherited)",
				);
				INFOPLIST_FILE = AlgorhytmnTests/Info.plist;
				LD_RUNPATH_SEARCH_PATHS = "$(inherited) @executable_path/Frameworks @loader_path/Frameworks";
				PRODUCT_NAME = "$(TARGET_NAME)";
				TEST_HOST = "$(BUILT_PRODUCTS_DIR)/Algorhytmn.app/Algorhytmn";
			};
			name = Debug;
		};
		9419F0641AF5BECA00DFC685 /* Release */ = {
			isa = XCBuildConfiguration;
			buildSettings = {
				BUNDLE_LOADER = "$(TEST_HOST)";
				FRAMEWORK_SEARCH_PATHS = (
					"$(SDKROOT)/Developer/Library/Frameworks",
					"$(inherited)",
				);
				INFOPLIST_FILE = AlgorhytmnTests/Info.plist;
				LD_RUNPATH_SEARCH_PATHS = "$(inherited) @executable_path/Frameworks @loader_path/Frameworks";
				PRODUCT_NAME = "$(TARGET_NAME)";
				TEST_HOST = "$(BUILT_PRODUCTS_DIR)/Algorhytmn.app/Algorhytmn";
			};
			name = Release;
		};
/* End XCBuildConfiguration section */

/* Begin XCConfigurationList section */
		9419F03B1AF5BECA00DFC685 /* Build configuration list for PBXProject "Algorhytmn" */ = {
			isa = XCConfigurationList;
			buildConfigurations = (
				9419F05D1AF5BECA00DFC685 /* Debug */,
				9419F05E1AF5BECA00DFC685 /* Release */,
			);
			defaultConfigurationIsVisible = 0;
			defaultConfigurationName = Release;
		};
		9419F05F1AF5BECA00DFC685 /* Build configuration list for PBXNativeTarget "Algorhytmn" */ = {
			isa = XCConfigurationList;
			buildConfigurations = (
				9419F0601AF5BECA00DFC685 /* Debug */,
				9419F0611AF5BECA00DFC685 /* Release */,
			);
			defaultConfigurationIsVisible = 0;
		};
		9419F0621AF5BECA00DFC685 /* Build configuration list for PBXNativeTarget "AlgorhytmnTests" */ = {
			isa = XCConfigurationList;
			buildConfigurations = (
				9419F0631AF5BECA00DFC685 /* Debug */,
				9419F0641AF5BECA00DFC685 /* Release */,
			);
			defaultConfigurationIsVisible = 0;
		};
/* End XCConfigurationList section */
	};
	rootObject = 9419F0381AF5BECA00DFC685 /* Project object */;
}
